{
  "name": "shot-studio-browser-155-experiment",
  "lockfileVersion": 3,
  "requires": true,
  "packages": {
    "": {
      "name": "shot-studio-browser-155-experiment",
      "dependencies": {
        "playwright": "1.64.0-alpha-2026-10-02"
      }
    },
    "node_modules/playwright": {
      "version": "1.64.0-alpha-2026-10-02",
      "resolved": "https://registry.npmjs.org/playwright/-/playwright-1.64.0-alpha-2026-10-02.tgz",
      "integrity": "sha512-Wujt6s7sr39ZaYrBnRb5cksupcu7MDBJp1Z+FHE4JhI42TgGDt/wsJrr36l9xa11hAB/ZaEw10+w+7CUFS9kgA==",
      "license": "Apache-2.0",
      "dependencies": {
        "playwright-core": "1.64.0-alpha-2026-10-02"
      },
      "bin": {
        "playwright": "cli.js"
      },
      "engines": {
        "node": ">=20"
      }
    },
    "node_modules/playwright-core": {
      "version": "1.64.0-alpha-2026-10-02",
      "resolved": "https://registry.npmjs.org/playwright-core/-/playwright-core-1.64.0-alpha-2026-10-02.tgz",
      "integrity": "sha512-z/01tERQ1raAsax+xw0aT8f9VwiEs6aqRm3HQ0rUGH1uP9gFJCEayahhfcnnAM/1tNPIQxekY6BL/1MAbKlldA==",
      "license": "Apache-2.0",
      "bin": {
        "playwright-core": "cli.js"
      },
      "engines": {
        "node": ">=20"
      }
    }
  }
}
